// !$*UTF8*$!
{
	archiveVersion = 1;
	classes = {
	};
	objectVersion = 46;
	objects = {

/* Begin PBXBuildFile section */
		B57070BC1E87611A003DE3F8 /* main.m in Sources */ = {isa = PBXBuildFile; fileRef = B57070BB1E87611A003DE3F8 /* main.m */; };
		B57070C71E87611A003DE3F8 /* Assets.xcassets in Resources */ = {isa = PBXBuildFile; fileRef = B57070C61E87611A003DE3F8 /* Assets.xcassets */; };
		B57070CA1E87611A003DE3F8 /* LaunchScreen.storyboard in Resources */ = {isa = PBXBuildFile; fileRef = B57070C81E87611A003DE3F8 /* LaunchScreen.storyboard */; };
		B57070EE1E891CFF003DE3F8 /* ZZQBaseNavViewController.m in Sources */ = {isa = PBXBuildFile; fileRef = B57070D41E891CFF003DE3F8 /* ZZQBaseNavViewController.m */; };
		B57070EF1E891CFF003DE3F8 /* ZZQBaseTabBar.m in Sources */ = {isa = PBXBuildFile; fileRef = B57070D61E891CFF003DE3F8 /* ZZQBaseTabBar.m */; };
		B57070F01E891CFF003DE3F8 /* ZZQBaseViewController.m in Sources */ = {isa = PBXBuildFile; fileRef = B57070D81E891CFF003DE3F8 /* ZZQBaseViewController.m */; };
		B57070F11E891CFF003DE3F8 /* ZZQNetAlertView.m in Sources */ = {isa = PBXBuildFile; fileRef = B57070DA1E891CFF003DE3F8 /* ZZQNetAlertView.m */; };
		B57070F21E891CFF003DE3F8 /* ZZQTabBarViewController.m in Sources */ = {isa = PBXBuildFile; fileRef = B57070DC1E891CFF003DE3F8 /* ZZQTabBarViewController.m */; };
		B57070F31E891CFF003DE3F8 /* AppDelegate.m in Sources */ = {isa = PBXBuildFile; fileRef = B57070EC1E891CFF003DE3F8 /* AppDelegate.m */; };
		B57070F71E8BD46E003DE3F8 /* ZZQLoginViewController.m in Sources */ = {isa = PBXBuildFile; fileRef = B57070F51E8BD46E003DE3F8 /* ZZQLoginViewController.m */; };
		B57070F81E8BD46E003DE3F8 /* ZZQLoginViewController.xib in Resources */ = {isa = PBXBuildFile; fileRef = B57070F61E8BD46E003DE3F8 /* ZZQLoginViewController.xib */; };
		B57070FF1E8BD875003DE3F8 /* ZZQRegisterViewController.m in Sources */ = {isa = PBXBuildFile; fileRef = B57070FD1E8BD875003DE3F8 /* ZZQRegisterViewController.m */; };
		B57071001E8BD875003DE3F8 /* ZZQRegisterViewController.xib in Resources */ = {isa = PBXBuildFile; fileRef = B57070FE1E8BD875003DE3F8 /* ZZQRegisterViewController.xib */; };
		B57071071E8BD8B0003DE3F8 /* ZZQLoginUserViewController.m in Sources */ = {isa = PBXBuildFile; fileRef = B57071051E8BD8B0003DE3F8 /* ZZQLoginUserViewController.m */; };
		B57071081E8BD8B0003DE3F8 /* ZZQLoginUserViewController.xib in Resources */ = {isa = PBXBuildFile; fileRef = B57071061E8BD8B0003DE3F8 /* ZZQLoginUserViewController.xib */; };
		B57071131E8BE663003DE3F8 /* ProgressHUD.bundle in Resources */ = {isa = PBXBuildFile; fileRef = B57071101E8BE663003DE3F8 /* ProgressHUD.bundle */; };
		B57071141E8BE663003DE3F8 /* ProgressHUD.m in Sources */ = {isa = PBXBuildFile; fileRef = B57071121E8BE663003DE3F8 /* ProgressHUD.m */; };
		B57071181E8D2EBA003DE3F8 /* ZZQHomeViewController.m in Sources */ = {isa = PBXBuildFile; fileRef = B57071161E8D2EBA003DE3F8 /* ZZQHomeViewController.m */; };
		B57071191E8D2EBA003DE3F8 /* ZZQHomeViewController.xib in Resources */ = {isa = PBXBuildFile; fileRef = B57071171E8D2EBA003DE3F8 /* ZZQHomeViewController.xib */; };
		B570711D1E8D2ECF003DE3F8 /* ZZQOrderViewController.m in Sources */ = {isa = PBXBuildFile; fileRef = B570711B1E8D2ECF003DE3F8 /* ZZQOrderViewController.m */; };
		B570711E1E8D2ECF003DE3F8 /* ZZQOrderViewController.xib in Resources */ = {isa = PBXBuildFile; fileRef = B570711C1E8D2ECF003DE3F8 /* ZZQOrderViewController.xib */; };
		B57071221E8D2EE7003DE3F8 /* ZZQMeViewController.m in Sources */ = {isa = PBXBuildFile; fileRef = B57071201E8D2EE7003DE3F8 /* ZZQMeViewController.m */; };
		B57071231E8D2EE7003DE3F8 /* ZZQMeViewController.xib in Resources */ = {isa = PBXBuildFile; fileRef = B57071211E8D2EE7003DE3F8 /* ZZQMeViewController.xib */; };
		B57071271E8D4EEB003DE3F8 /* ZZQVerifyViewController.m in Sources */ = {isa = PBXBuildFile; fileRef = B57071251E8D4EEB003DE3F8 /* ZZQVerifyViewController.m */; };
		B57071281E8D4EEB003DE3F8 /* ZZQVerifyViewController.xib in Resources */ = {isa = PBXBuildFile; fileRef = B57071261E8D4EEB003DE3F8 /* ZZQVerifyViewController.xib */; };
		B57072351E90A055003DE3F8 /* ZZQMerchant.m in Sources */ = {isa = PBXBuildFile; fileRef = B57072341E90A055003DE3F8 /* ZZQMerchant.m */; };
		CAA63AABB86CAA07697AF1A2 /* libPods-FItBodyMerchant.a in Frameworks */ = {isa = PBXBuildFile; fileRef = 2C64F67EF9D8D92922894204 /* libPods-FItBodyMerchant.a */; };
/* End PBXBuildFile section */

/* Begin PBXFileReference section */
		2C64F67EF9D8D92922894204 /* libPods-FItBodyMerchant.a */ = {isa = PBXFileReference; explicitFileType = archive.ar; includeInIndex = 0; path = "libPods-FItBodyMerchant.a"; sourceTree = BUILT_PRODUCTS_DIR; };
		B57070B71E87611A003DE3F8 /* FItBodyMerchant.app */ = {isa = PBXFileReference; explicitFileType = wrapper.application; includeInIndex = 0; path = FItBodyMerchant.app; sourceTree = BUILT_PRODUCTS_DIR; };
		B57070BB1E87611A003DE3F8 /* main.m */ = {isa = PBXFileReference; lastKnownFileType = sourcecode.c.objc; path = main.m; sourceTree = "<group>"; };
		B57070C61E87611A003DE3F8 /* Assets.xcassets */ = {isa = PBXFileReference; lastKnownFileType = folder.assetcatalog; path = Assets.xcassets; sourceTree = "<group>"; };
		B57070C91E87611A003DE3F8 /* Base */ = {isa = PBXFileReference; lastKnownFileType = file.storyboard; name = Base; path = Base.lproj/LaunchScreen.storyboard; sourceTree = "<group>"; };
		B57070CB1E87611A003DE3F8 /* Info.plist */ = {isa = PBXFileReference; lastKnownFileType = text.plist.xml; path = Info.plist; sourceTree = "<group>"; };
		B57070D31E891CFF003DE3F8 /* ZZQBaseNavViewController.h */ = {isa = PBXFileReference; fileEncoding = 4; lastKnownFileType = sourcecode.c.h; path = ZZQBaseNavViewController.h; sourceTree = "<group>"; };
		B57070D41E891CFF003DE3F8 /* ZZQBaseNavViewController.m */ = {isa = PBXFileReference; fileEncoding = 4; lastKnownFileType = sourcecode.c.objc; path = ZZQBaseNavViewController.m; sourceTree = "<group>"; };
		B57070D51E891CFF003DE3F8 /* ZZQBaseTabBar.h */ = {isa = PBXFileReference; fileEncoding = 4; lastKnownFileType = sourcecode.c.h; path = ZZQBaseTabBar.h; sourceTree = "<group>"; };
		B57070D61E891CFF003DE3F8 /* ZZQBaseTabBar.m */ = {isa = PBXFileReference; fileEncoding = 4; lastKnownFileType = sourcecode.c.objc; path = ZZQBaseTabBar.m; sourceTree = "<group>"; };
		B57070D71E891CFF003DE3F8 /* ZZQBaseViewController.h */ = {isa = PBXFileReference; fileEncoding = 4; lastKnownFileType = sourcecode.c.h; path = ZZQBaseViewController.h; sourceTree = "<group>"; };
		B57070D81E891CFF003DE3F8 /* ZZQBaseViewController.m */ = {isa = PBXFileReference; fileEncoding = 4; lastKnownFileType = sourcecode.c.objc; path = ZZQBaseViewController.m; sourceTree = "<group>"; };
		B57070D91E891CFF003DE3F8 /* ZZQNetAlertView.h */ = {isa = PBXFileReference; fileEncoding = 4; lastKnownFileType = sourcecode.c.h; path = ZZQNetAlertView.h; sourceTree = "<group>"; };
		B57070DA1E891CFF003DE3F8 /* ZZQNetAlertView.m */ = {isa = PBXFileReference; fileEncoding = 4; lastKnownFileType = sourcecode.c.objc; path = ZZQNetAlertView.m; sourceTree = "<group>"; };
		B57070DB1E891CFF003DE3F8 /* ZZQTabBarViewController.h */ = {isa = PBXFileReference; fileEncoding = 4; lastKnownFileType = sourcecode.c.h; path = ZZQTabBarViewController.h; sourceTree = "<group>"; };
		B57070DC1E891CFF003DE3F8 /* ZZQTabBarViewController.m */ = {isa = PBXFileReference; fileEncoding = 4; lastKnownFileType = sourcecode.c.objc; path = ZZQTabBarViewController.m; sourceTree = "<group>"; };
		B57070EB1E891CFF003DE3F8 /* AppDelegate.h */ = {isa = PBXFileReference; fileEncoding = 4; lastKnownFileType = sourcecode.c.h; path = AppDelegate.h; sourceTree = "<group>"; };
		B57070EC1E891CFF003DE3F8 /* AppDelegate.m */ = {isa = PBXFileReference; fileEncoding = 4; lastKnownFileType = sourcecode.c.objc; path = AppDelegate.m; sourceTree = "<group>"; };
		B57070ED1E891CFF003DE3F8 /* ZZQPCH.pch */ = {isa = PBXFileReference; fileEncoding = 4; lastKnownFileType = sourcecode.c.h; path = ZZQPCH.pch; sourceTree = "<group>"; };
		B57070F41E8BD46E003DE3F8 /* ZZQLoginViewController.h */ = {isa = PBXFileReference; fileEncoding = 4; lastKnownFileType = sourcecode.c.h; path = ZZQLoginViewController.h; sourceTree = "<group>"; };
		B57070F51E8BD46E003DE3F8 /* ZZQLoginViewController.m */ = {isa = PBXFileReference; fileEncoding = 4; lastKnownFileType = sourcecode.c.objc; path = ZZQLoginViewController.m; sourceTree = "<group>"; };
		B57070F61E8BD46E003DE3F8 /* ZZQLoginViewController.xib */ = {isa = PBXFileReference; fileEncoding = 4; lastKnownFileType = file.xib; path = ZZQLoginViewController.xib; sourceTree = "<group>"; };
		B57070FC1E8BD875003DE3F8 /* ZZQRegisterViewController.h */ = {isa = PBXFileReference; fileEncoding = 4; lastKnownFileType = sourcecode.c.h; path = ZZQRegisterViewController.h; sourceTree = "<group>"; };
		B57070FD1E8BD875003DE3F8 /* ZZQRegisterViewController.m */ = {isa = PBXFileReference; fileEncoding = 4; lastKnownFileType = sourcecode.c.objc; path = ZZQRegisterViewController.m; sourceTree = "<group>"; };
		B57070FE1E8BD875003DE3F8 /* ZZQRegisterViewController.xib */ = {isa = PBXFileReference; fileEncoding = 4; lastKnownFileType = file.xib; path = ZZQRegisterViewController.xib; sourceTree = "<group>"; };
		B57071041E8BD8B0003DE3F8 /* ZZQLoginUserViewController.h */ = {isa = PBXFileReference; fileEncoding = 4; lastKnownFileType = sourcecode.c.h; path = ZZQLoginUserViewController.h; sourceTree = "<group>"; };
		B57071051E8BD8B0003DE3F8 /* ZZQLoginUserViewController.m */ = {isa = PBXFileReference; fileEncoding = 4; lastKnownFileType = sourcecode.c.objc; path = ZZQLoginUserViewController.m; sourceTree = "<group>"; };
		B57071061E8BD8B0003DE3F8 /* ZZQLoginUserViewController.xib */ = {isa = PBXFileReference; fileEncoding = 4; lastKnownFileType = file.xib; path = ZZQLoginUserViewController.xib; sourceTree = "<group>"; };
		B57071101E8BE663003DE3F8 /* ProgressHUD.bundle */ = {isa = PBXFileReference; lastKnownFileType = "wrapper.plug-in"; path = ProgressHUD.bundle; sourceTree = "<group>"; };
		B57071111E8BE663003DE3F8 /* ProgressHUD.h */ = {isa = PBXFileReference; fileEncoding = 4; lastKnownFileType = sourcecode.c.h; path = ProgressHUD.h; sourceTree = "<group>"; };
		B57071121E8BE663003DE3F8 /* ProgressHUD.m */ = {isa = PBXFileReference; fileEncoding = 4; lastKnownFileType = sourcecode.c.objc; path = ProgressHUD.m; sourceTree = "<group>"; };
		B57071151E8D2EBA003DE3F8 /* ZZQHomeViewController.h */ = {isa = PBXFileReference; fileEncoding = 4; lastKnownFileType = sourcecode.c.h; path = ZZQHomeViewController.h; sourceTree = "<group>"; };
		B57071161E8D2EBA003DE3F8 /* ZZQHomeViewController.m */ = {isa = PBXFileReference; fileEncoding = 4; lastKnownFileType = sourcecode.c.objc; path = ZZQHomeViewController.m; sourceTree = "<group>"; };
		B57071171E8D2EBA003DE3F8 /* ZZQHomeViewController.xib */ = {isa = PBXFileReference; fileEncoding = 4; lastKnownFileType = file.xib; path = ZZQHomeViewController.xib; sourceTree = "<group>"; };
		B570711A1E8D2ECF003DE3F8 /* ZZQOrderViewController.h */ = {isa = PBXFileReference; fileEncoding = 4; lastKnownFileType = sourcecode.c.h; path = ZZQOrderViewController.h; sourceTree = "<group>"; };
		B570711B1E8D2ECF003DE3F8 /* ZZQOrderViewController.m */ = {isa = PBXFileReference; fileEncoding = 4; lastKnownFileType = sourcecode.c.objc; path = ZZQOrderViewController.m; sourceTree = "<group>"; };
		B570711C1E8D2ECF003DE3F8 /* ZZQOrderViewController.xib */ = {isa = PBXFileReference; fileEncoding = 4; lastKnownFileType = file.xib; path = ZZQOrderViewController.xib; sourceTree = "<group>"; };
		B570711F1E8D2EE7003DE3F8 /* ZZQMeViewController.h */ = {isa = PBXFileReference; fileEncoding = 4; lastKnownFileType = sourcecode.c.h; path = ZZQMeViewController.h; sourceTree = "<group>"; };
		B57071201E8D2EE7003DE3F8 /* ZZQMeViewController.m */ = {isa = PBXFileReference; fileEncoding = 4; lastKnownFileType = sourcecode.c.objc; path = ZZQMeViewController.m; sourceTree = "<group>"; };
		B57071211E8D2EE7003DE3F8 /* ZZQMeViewController.xib */ = {isa = PBXFileReference; fileEncoding = 4; lastKnownFileType = file.xib; path = ZZQMeViewController.xib; sourceTree = "<group>"; };
		B57071241E8D4EEB003DE3F8 /* ZZQVerifyViewController.h */ = {isa = PBXFileReference; fileEncoding = 4; lastKnownFileType = sourcecode.c.h; path = ZZQVerifyViewController.h; sourceTree = "<group>"; };
		B57071251E8D4EEB003DE3F8 /* ZZQVerifyViewController.m */ = {isa = PBXFileReference; fileEncoding = 4; lastKnownFileType = sourcecode.c.objc; path = ZZQVerifyViewController.m; sourceTree = "<group>"; };
		B57071261E8D4EEB003DE3F8 /* ZZQVerifyViewController.xib */ = {isa = PBXFileReference; fileEncoding = 4; lastKnownFileType = file.xib; path = ZZQVerifyViewController.xib; sourceTree = "<group>"; };
		B57072331E90A055003DE3F8 /* ZZQMerchant.h */ = {isa = PBXFileReference; fileEncoding = 4; lastKnownFileType = sourcecode.c.h; path = ZZQMerchant.h; sourceTree = "<group>"; };
		B57072341E90A055003DE3F8 /* ZZQMerchant.m */ = {isa = PBXFileReference; fileEncoding = 4; lastKnownFileType = sourcecode.c.objc; path = ZZQMerchant.m; sourceTree = "<group>"; };
		B57072381E90B366003DE3F8 /* zh-Hans */ = {isa = PBXFileReference; lastKnownFileType = text.plist.strings; name = "zh-Hans"; path = "zh-Hans.lproj/LaunchScreen.strings"; sourceTree = "<group>"; };
		E0F6B5FFB0220B7DCAB672B5 /* Pods-FItBodyMerchant.debug.xcconfig */ = {isa = PBXFileReference; includeInIndex = 1; lastKnownFileType = text.xcconfig; name = "Pods-FItBodyMerchant.debug.xcconfig"; path = "Pods/Target Support Files/Pods-FItBodyMerchant/Pods-FItBodyMerchant.debug.xcconfig"; sourceTree = "<group>"; };
		F67672C85008100A0244640A /* Pods-FItBodyMerchant.release.xcconfig */ = {isa = PBXFileReference; includeInIndex = 1; lastKnownFileType = text.xcconfig; name = "Pods-FItBodyMerchant.release.xcconfig"; path = "Pods/Target Support Files/Pods-FItBodyMerchant/Pods-FItBodyMerchant.release.xcconfig"; sourceTree = "<group>"; };
/* End PBXFileReference section */

/* Begin PBXFrameworksBuildPhase section */
		B57070B41E87611A003DE3F8 /* Frameworks */ = {
			isa = PBXFrameworksBuildPhase;
			buildActionMask = 2147483647;
			files = (
				CAA63AABB86CAA07697AF1A2 /* libPods-FItBodyMerchant.a in Frameworks */,
			);
			runOnlyForDeploymentPostprocessing = 0;
		};
/* End PBXFrameworksBuildPhase section */

/* Begin PBXGroup section */
		9D36BA03C5797242F9D8C146 /* Frameworks */ = {
			isa = PBXGroup;
			children = (
				2C64F67EF9D8D92922894204 /* libPods-FItBodyMerchant.a */,
			);
			name = Frameworks;
			sourceTree = "<group>";
		};
		B57070AE1E87611A003DE3F8 = {
			isa = PBXGroup;
			children = (
				B57070B91E87611A003DE3F8 /* FItBodyMerchant */,
				B57070B81E87611A003DE3F8 /* Products */,
				CA5DE6B1A6EA9285AE8FC67B /* Pods */,
				9D36BA03C5797242F9D8C146 /* Frameworks */,
			);
			sourceTree = "<group>";
		};
		B57070B81E87611A003DE3F8 /* Products */ = {
			isa = PBXGroup;
			children = (
				B57070B71E87611A003DE3F8 /* FItBodyMerchant.app */,
			);
			name = Products;
			sourceTree = "<group>";
		};
		B57070B91E87611A003DE3F8 /* FItBodyMerchant */ = {
			isa = PBXGroup;
			children = (
				B57070D11E891CFF003DE3F8 /* Class */,
				B570710E1E8BE663003DE3F8 /* thirdKit */,
				B57070BA1E87611A003DE3F8 /* Supporting Files */,
			);
			path = FItBodyMerchant;
			sourceTree = "<group>";
		};
		B57070BA1E87611A003DE3F8 /* Supporting Files */ = {
			isa = PBXGroup;
			children = (
				B57070C81E87611A003DE3F8 /* LaunchScreen.storyboard */,
				B57070C61E87611A003DE3F8 /* Assets.xcassets */,
				B57070CB1E87611A003DE3F8 /* Info.plist */,
				B57070BB1E87611A003DE3F8 /* main.m */,
			);
			name = "Supporting Files";
			sourceTree = "<group>";
		};
		B57070D11E891CFF003DE3F8 /* Class */ = {
			isa = PBXGroup;
			children = (
				B57070E11E891CFF003DE3F8 /* Login */,
				B57070DD1E891CFF003DE3F8 /* Home */,
				B57070E91E891CFF003DE3F8 /* Orders */,
				B57070E51E891CFF003DE3F8 /* Me */,
				B57070D21E891CFF003DE3F8 /* Base */,
				B57070EA1E891CFF003DE3F8 /* Other */,
			);
			path = Class;
			sourceTree = "<group>";
		};
		B57070D21E891CFF003DE3F8 /* Base */ = {
			isa = PBXGroup;
			children = (
				B57070D31E891CFF003DE3F8 /* ZZQBaseNavViewController.h */,
				B57070D41E891CFF003DE3F8 /* ZZQBaseNavViewController.m */,
				B57070D51E891CFF003DE3F8 /* ZZQBaseTabBar.h */,
				B57070D61E891CFF003DE3F8 /* ZZQBaseTabBar.m */,
				B57070D71E891CFF003DE3F8 /* ZZQBaseViewController.h */,
				B57070D81E891CFF003DE3F8 /* ZZQBaseViewController.m */,
				B57070D91E891CFF003DE3F8 /* ZZQNetAlertView.h */,
				B57070DA1E891CFF003DE3F8 /* ZZQNetAlertView.m */,
				B57070DB1E891CFF003DE3F8 /* ZZQTabBarViewController.h */,
				B57070DC1E891CFF003DE3F8 /* ZZQTabBarViewController.m */,
			);
			path = Base;
			sourceTree = "<group>";
		};
		B57070DD1E891CFF003DE3F8 /* Home */ = {
			isa = PBXGroup;
			children = (
				B57070DE1E891CFF003DE3F8 /* Controllers */,
				B57070DF1E891CFF003DE3F8 /* Models */,
				B57070E01E891CFF003DE3F8 /* Views */,
			);
			path = Home;
			sourceTree = "<group>";
		};
		B57070DE1E891CFF003DE3F8 /* Controllers */ = {
			isa = PBXGroup;
			children = (
				B57071151E8D2EBA003DE3F8 /* ZZQHomeViewController.h */,
				B57071161E8D2EBA003DE3F8 /* ZZQHomeViewController.m */,
				B57071171E8D2EBA003DE3F8 /* ZZQHomeViewController.xib */,
			);
			path = Controllers;
			sourceTree = "<group>";
		};
		B57070DF1E891CFF003DE3F8 /* Models */ = {
			isa = PBXGroup;
			children = (
			);
			path = Models;
			sourceTree = "<group>";
		};
		B57070E01E891CFF003DE3F8 /* Views */ = {
			isa = PBXGroup;
			children = (
			);
			path = Views;
			sourceTree = "<group>";
		};
		B57070E11E891CFF003DE3F8 /* Login */ = {
			isa = PBXGroup;
			children = (
				B57070E21E891CFF003DE3F8 /* Controllers */,
				B57070E31E891CFF003DE3F8 /* Models */,
				B57070E41E891CFF003DE3F8 /* Views */,
			);
			path = Login;
			sourceTree = "<group>";
		};
		B57070E21E891CFF003DE3F8 /* Controllers */ = {
			isa = PBXGroup;
			children = (
				B57070F41E8BD46E003DE3F8 /* ZZQLoginViewController.h */,
				B57070F51E8BD46E003DE3F8 /* ZZQLoginViewController.m */,
				B57070F61E8BD46E003DE3F8 /* ZZQLoginViewController.xib */,
				B57070FC1E8BD875003DE3F8 /* ZZQRegisterViewController.h */,
				B57070FD1E8BD875003DE3F8 /* ZZQRegisterViewController.m */,
				B57070FE1E8BD875003DE3F8 /* ZZQRegisterViewController.xib */,
				B57071041E8BD8B0003DE3F8 /* ZZQLoginUserViewController.h */,
				B57071051E8BD8B0003DE3F8 /* ZZQLoginUserViewController.m */,
				B57071061E8BD8B0003DE3F8 /* ZZQLoginUserViewController.xib */,
				B57071241E8D4EEB003DE3F8 /* ZZQVerifyViewController.h */,
				B57071251E8D4EEB003DE3F8 /* ZZQVerifyViewController.m */,
				B57071261E8D4EEB003DE3F8 /* ZZQVerifyViewController.xib */,
			);
			path = Controllers;
			sourceTree = "<group>";
		};
		B57070E31E891CFF003DE3F8 /* Models */ = {
			isa = PBXGroup;
			children = (
				B57072331E90A055003DE3F8 /* ZZQMerchant.h */,
				B57072341E90A055003DE3F8 /* ZZQMerchant.m */,
			);
			path = Models;
			sourceTree = "<group>";
		};
		B57070E41E891CFF003DE3F8 /* Views */ = {
			isa = PBXGroup;
			children = (
			);
			path = Views;
			sourceTree = "<group>";
		};
		B57070E51E891CFF003DE3F8 /* Me */ = {
			isa = PBXGroup;
			children = (
				B57070E61E891CFF003DE3F8 /* Controllers */,
				B57070E71E891CFF003DE3F8 /* Models */,
				B57070E81E891CFF003DE3F8 /* Views */,
			);
			path = Me;
			sourceTree = "<group>";
		};
		B57070E61E891CFF003DE3F8 /* Controllers */ = {
			isa = PBXGroup;
			children = (
				B570711F1E8D2EE7003DE3F8 /* ZZQMeViewController.h */,
				B57071201E8D2EE7003DE3F8 /* ZZQMeViewController.m */,
				B57071211E8D2EE7003DE3F8 /* ZZQMeViewController.xib */,
			);
			path = Controllers;
			sourceTree = "<group>";
		};
		B57070E71E891CFF003DE3F8 /* Models */ = {
			isa = PBXGroup;
			children = (
			);
			path = Models;
			sourceTree = "<group>";
		};
		B57070E81E891CFF003DE3F8 /* Views */ = {
			isa = PBXGroup;
			children = (
			);
			path = Views;
			sourceTree = "<group>";
		};
		B57070E91E891CFF003DE3F8 /* Orders */ = {
			isa = PBXGroup;
			children = (
				B570711A1E8D2ECF003DE3F8 /* ZZQOrderViewController.h */,
				B570711B1E8D2ECF003DE3F8 /* ZZQOrderViewController.m */,
				B570711C1E8D2ECF003DE3F8 /* ZZQOrderViewController.xib */,
			);
			path = Orders;
			sourceTree = "<group>";
		};
		B57070EA1E891CFF003DE3F8 /* Other */ = {
			isa = PBXGroup;
			children = (
				B57070EB1E891CFF003DE3F8 /* AppDelegate.h */,
				B57070EC1E891CFF003DE3F8 /* AppDelegate.m */,
				B57070ED1E891CFF003DE3F8 /* ZZQPCH.pch */,
			);
			path = Other;
			sourceTree = "<group>";
		};
		B570710E1E8BE663003DE3F8 /* thirdKit */ = {
			isa = PBXGroup;
			children = (
				B570710F1E8BE663003DE3F8 /* ProgressHUD */,
			);
			name = thirdKit;
			path = Class/thirdKit;
			sourceTree = "<group>";
		};
		B570710F1E8BE663003DE3F8 /* ProgressHUD */ = {
			isa = PBXGroup;
			children = (
				B57071101E8BE663003DE3F8 /* ProgressHUD.bundle */,
				B57071111E8BE663003DE3F8 /* ProgressHUD.h */,
				B57071121E8BE663003DE3F8 /* ProgressHUD.m */,
			);
			path = ProgressHUD;
			sourceTree = "<group>";
		};
		CA5DE6B1A6EA9285AE8FC67B /* Pods */ = {
			isa = PBXGroup;
			children = (
				E0F6B5FFB0220B7DCAB672B5 /* Pods-FItBodyMerchant.debug.xcconfig */,
				F67672C85008100A0244640A /* Pods-FItBodyMerchant.release.xcconfig */,
			);
			name = Pods;
			sourceTree = "<group>";
		};
/* End PBXGroup section */

/* Begin PBXNativeTarget section */
		B57070B61E87611A003DE3F8 /* FItBodyMerchant */ = {
			isa = PBXNativeTarget;
			buildConfigurationList = B57070CE1E87611A003DE3F8 /* Build configuration list for PBXNativeTarget "FItBodyMerchant" */;
			buildPhases = (
				474EF8C6C11AF1CF3E87C1B2 /* [CP] Check Pods Manifest.lock */,
				B57070B31E87611A003DE3F8 /* Sources */,
				B57070B41E87611A003DE3F8 /* Frameworks */,
				B57070B51E87611A003DE3F8 /* Resources */,
				C387AB46A7BDA03558FE854A /* [CP] Embed Pods Frameworks */,
				77019F18D691EF330BBD4D74 /* [CP] Copy Pods Resources */,
			);
			buildRules = (
			);
			dependencies = (
			);
			name = FItBodyMerchant;
			productName = FItBodyMerchant;
			productReference = B57070B71E87611A003DE3F8 /* FItBodyMerchant.app */;
			productType = "com.apple.product-type.application";
		};
/* End PBXNativeTarget section */

/* Begin PBXProject section */
		B57070AF1E87611A003DE3F8 /* Project object */ = {
			isa = PBXProject;
			attributes = {
				CLASSPREFIX = ZZQ;
				LastUpgradeCheck = 0810;
				ORGANIZATIONNAME = "张增强";
				TargetAttributes = {
					B57070B61E87611A003DE3F8 = {
						CreatedOnToolsVersion = 8.1;
						DevelopmentTeam = P28THB67HH;
						ProvisioningStyle = Automatic;
					};
				};
			};
			buildConfigurationList = B57070B21E87611A003DE3F8 /* Build configuration list for PBXProject "FItBodyMerchant" */;
			compatibilityVersion = "Xcode 3.2";
			developmentRegion = English;
			hasScannedForEncodings = 0;
			knownRegions = (
				en,
				Base,
				da,
				de,
				"es-MX",
				es,
				fi,
				fr,
				he,
				"hi-IN",
				hu,
				id,
				it,
				ja,
				ko,
				"nl-NL",
				nl,
				"pt-PT",
				pt,
				ru,
				sv,
				tr,
				"zh-Hant",
			);
			mainGroup = B57070AE1E87611A003DE3F8;
			productRefGroup = B57070B81E87611A003DE3F8 /* Products */;
			projectDirPath = "";
			projectRoot = "";
			targets = (
				B57070B61E87611A003DE3F8 /* FItBodyMerchant */,
			);
		};
/* End PBXProject section */

/* Begin PBXResourcesBuildPhase section */
		B57070B51E87611A003DE3F8 /* Resources */ = {
			isa = PBXResourcesBuildPhase;
			buildActionMask = 2147483647;
			files = (
				B57071081E8BD8B0003DE3F8 /* ZZQLoginUserViewController.xib in Resources */,
				B57071281E8D4EEB003DE3F8 /* ZZQVerifyViewController.xib in Resources */,
				B57071131E8BE663003DE3F8 /* ProgressHUD.bundle in Resources */,
				B57070CA1E87611A003DE3F8 /* LaunchScreen.storyboard in Resources */,
				B570711E1E8D2ECF003DE3F8 /* ZZQOrderViewController.xib in Resources */,
				B57071191E8D2EBA003DE3F8 /* ZZQHomeViewController.xib in Resources */,
				B57070F81E8BD46E003DE3F8 /* ZZQLoginViewController.xib in Resources */,
				B57070C71E87611A003DE3F8 /* Assets.xcassets in Resources */,
				B57071231E8D2EE7003DE3F8 /* ZZQMeViewController.xib in Resources */,
				B57071001E8BD875003DE3F8 /* ZZQRegisterViewController.xib in Resources */,
			);
			runOnlyForDeploymentPostprocessing = 0;
		};
/* End PBXResourcesBuildPhase section */

/* Begin PBXShellScriptBuildPhase section */
		474EF8C6C11AF1CF3E87C1B2 /* [CP] Check Pods Manifest.lock */ = {
			isa = PBXShellScriptBuildPhase;
			buildActionMask = 2147483647;
			files = (
			);
			inputPaths = (
			);
			name = "[CP] Check Pods Manifest.lock";
			outputPaths = (
			);
			runOnlyForDeploymentPostprocessing = 0;
			shellPath = /bin/sh;
			shellScript = "diff \"${PODS_ROOT}/../Podfile.lock\" \"${PODS_ROOT}/Manifest.lock\" > /dev/null\nif [ $? != 0 ] ; then\n    # print error to STDERR\n    echo \"error: The sandbox is not in sync with the Podfile.lock. Run 'pod install' or update your CocoaPods installation.\" >&2\n    exit 1\nfi\n";
			showEnvVarsInLog = 0;
		};
		77019F18D691EF330BBD4D74 /* [CP] Copy Pods Resources */ = {
			isa = PBXShellScriptBuildPhase;
			buildActionMask = 2147483647;
			files = (
			);
			inputPaths = (
			);
			name = "[CP] Copy Pods Resources";
			outputPaths = (
			);
			runOnlyForDeploymentPostprocessing = 0;
			shellPath = /bin/sh;
			shellScript = "\"${SRCROOT}/Pods/Target Support Files/Pods-FItBodyMerchant/Pods-FItBodyMerchant-resources.sh\"\n";
			showEnvVarsInLog = 0;
		};
		C387AB46A7BDA03558FE854A /* [CP] Embed Pods Frameworks */ = {
			isa = PBXShellScriptBuildPhase;
			buildActionMask = 2147483647;
			files = (
			);
			inputPaths = (
			);
			name = "[CP] Embed Pods Frameworks";
			outputPaths = (
			);
			runOnlyForDeploymentPostprocessing = 0;
			shellPath = /bin/sh;
			shellScript = "\"${SRCROOT}/Pods/Target Support Files/Pods-FItBodyMerchant/Pods-FItBodyMerchant-frameworks.sh\"\n";
			showEnvVarsInLog = 0;
		};
/* End PBXShellScriptBuildPhase section */

/* Begin PBXSourcesBuildPhase section */
		B57070B31E87611A003DE3F8 /* Sources */ = {
			isa = PBXSourcesBuildPhase;
			buildActionMask = 2147483647;
			files = (
				B57070F71E8BD46E003DE3F8 /* ZZQLoginViewController.m in Sources */,
				B57070EF1E891CFF003DE3F8 /* ZZQBaseTabBar.m in Sources */,
				B57070FF1E8BD875003DE3F8 /* ZZQRegisterViewController.m in Sources */,
				B570711D1E8D2ECF003DE3F8 /* ZZQOrderViewController.m in Sources */,
				B57071221E8D2EE7003DE3F8 /* ZZQMeViewController.m in Sources */,
				B57070F01E891CFF003DE3F8 /* ZZQBaseViewController.m in Sources */,
				B57070F21E891CFF003DE3F8 /* ZZQTabBarViewController.m in Sources */,
				B57071141E8BE663003DE3F8 /* ProgressHUD.m in Sources */,
				B57070BC1E87611A003DE3F8 /* main.m in Sources */,
				B57071271E8D4EEB003DE3F8 /* ZZQVerifyViewController.m in Sources */,
				B57071181E8D2EBA003DE3F8 /* ZZQHomeViewController.m in Sources */,
				B57070EE1E891CFF003DE3F8 /* ZZQBaseNavViewController.m in Sources */,
				B57070F11E891CFF003DE3F8 /* ZZQNetAlertView.m in Sources */,
				B57070F31E891CFF003DE3F8 /* AppDelegate.m in Sources */,
				B57071071E8BD8B0003DE3F8 /* ZZQLoginUserViewController.m in Sources */,
				B57072351E90A055003DE3F8 /* ZZQMerchant.m in Sources */,
			);
			runOnlyForDeploymentPostprocessing = 0;
		};
/* End PBXSourcesBuildPhase section */

/* Begin PBXVariantGroup section */
		B57070C81E87611A003DE3F8 /* LaunchScreen.storyboard */ = {
			isa = PBXVariantGroup;
			children = (
				B57070C91E87611A003DE3F8 /* Base */,
				B57072381E90B366003DE3F8 /* zh-Hans */,
			);
			name = LaunchScreen.storyboard;
			sourceTree = "<group>";
		};
/* End PBXVariantGroup section */

/* Begin XCBuildConfiguration section */
		B57070CC1E87611A003DE3F8 /* Debug */ = {
			isa = XCBuildConfiguration;
			buildSettings = {
				ALWAYS_SEARCH_USER_PATHS = NO;
				CLANG_ANALYZER_NONNULL = YES;
				CLANG_CXX_LANGUAGE_STANDARD = "gnu++0x";
				CLANG_CXX_LIBRARY = "libc++";
				CLANG_ENABLE_MODULES = YES;
				CLANG_ENABLE_OBJC_ARC = YES;
				CLANG_WARN_BOOL_CONVERSION = YES;
				CLANG_WARN_CONSTANT_CONVERSION = YES;
				CLANG_WARN_DIRECT_OBJC_ISA_USAGE = YES_ERROR;
				CLANG_WARN_DOCUMENTATION_COMMENTS = YES;
				CLANG_WARN_EMPTY_BODY = YES;
				CLANG_WARN_ENUM_CONVERSION = YES;
				CLANG_WARN_INFINITE_RECURSION = YES;
				CLANG_WARN_INT_CONVERSION = YES;
				CLANG_WARN_OBJC_ROOT_CLASS = YES_ERROR;
				CLANG_WARN_SUSPICIOUS_MOVES = YES;
				CLANG_WARN_UNREACHABLE_CODE = YES;
				CLANG_WARN__DUPLICATE_METHOD_MATCH = YES;
				"CODE_SIGN_IDENTITY[sdk=iphoneos*]" = "iPhone Developer";
				COPY_PHASE_STRIP = NO;
				DEBUG_INFORMATION_FORMAT = dwarf;
				ENABLE_STRICT_OBJC_MSGSEND = YES;
				ENABLE_TESTABILITY = YES;
				GCC_C_LANGUAGE_STANDARD = gnu99;
				GCC_DYNAMIC_NO_PIC = NO;
				GCC_NO_COMMON_BLOCKS = YES;
				GCC_OPTIMIZATION_LEVEL = 0;
				GCC_PREPROCESSOR_DEFINITIONS = (
					"DEBUG=1",
					"$(inherited)",
				);
				GCC_WARN_64_TO_32_BIT_CONVERSION = YES;
				GCC_WARN_ABOUT_RETURN_TYPE = YES_ERROR;
				GCC_WARN_UNDECLARED_SELECTOR = YES;
				GCC_WARN_UNINITIALIZED_AUTOS = YES_AGGRESSIVE;
				GCC_WARN_UNUSED_FUNCTION = YES;
				GCC_WARN_UNUSED_VARIABLE = YES;
				IPHONEOS_DEPLOYMENT_TARGET = 10.1;
				MTL_ENABLE_DEBUG_INFO = YES;
				ONLY_ACTIVE_ARCH = YES;
				SDKROOT = iphoneos;
				TARGETED_DEVICE_FAMILY = "1,2";
			};
			name = Debug;
		};
		B57070CD1E87611A003DE3F8 /* Release */ = {
			isa = XCBuildConfiguration;
			buildSettings = {
				ALWAYS_SEARCH_USER_PATHS = NO;
				CLANG_ANALYZER_NONNULL = YES;
				CLANG_CXX_LANGUAGE_STANDARD = "gnu++0x";
				CLANG_CXX_LIBRARY = "libc++";
				CLANG_ENABLE_MODULES = YES;
				CLANG_ENABLE_OBJC_ARC = YES;
				CLANG_WARN_BOOL_CONVERSION = YES;
				CLANG_WARN_CONSTANT_CONVERSION = YES;
				CLANG_WARN_DIRECT_OBJC_ISA_USAGE = YES_ERROR;
				CLANG_WARN_DOCUMENTATION_COMMENTS = YES;
				CLANG_WARN_EMPTY_BODY = YES;
				CLANG_WARN_ENUM_CONVERSION = YES;
				CLANG_WARN_INFINITE_RECURSION = YES;
				CLANG_WARN_INT_CONVERSION = YES;
				CLANG_WARN_OBJC_ROOT_CLASS = YES_ERROR;
				CLANG_WARN_SUSPICIOUS_MOVES = YES;
				CLANG_WARN_UNREACHABLE_CODE = YES;
				CLANG_WARN__DUPLICATE_METHOD_MATCH = YES;
				"CODE_SIGN_IDENTITY[sdk=iphoneos*]" = "iPhone Developer";
				COPY_PHASE_STRIP = NO;
				DEBUG_INFORMATION_FORMAT = "dwarf-with-dsym";
				ENABLE_NS_ASSERTIONS = NO;
				ENABLE_STRICT_OBJC_MSGSEND = YES;
				GCC_C_LANGUAGE_STANDARD = gnu99;
				GCC_NO_COMMON_BLOCKS = YES;
				GCC_WARN_64_TO_32_BIT_CONVERSION = YES;
				GCC_WARN_ABOUT_RETURN_TYPE = YES_ERROR;
				GCC_WARN_UNDECLARED_SELECTOR = YES;
				GCC_WARN_UNINITIALIZED_AUTOS = YES_AGGRESSIVE;
				GCC_WARN_UNUSED_FUNCTION = YES;
				GCC_WARN_UNUSED_VARIABLE = YES;
				IPHONEOS_DEPLOYMENT_TARGET = 10.1;
				MTL_ENABLE_DEBUG_INFO = NO;
				SDKROOT = iphoneos;
				TARGETED_DEVICE_FAMILY = "1,2";
				VALIDATE_PRODUCT = YES;
			};
			name = Release;
		};
		B57070CF1E87611A003DE3F8 /* Debug */ = {
			isa = XCBuildConfiguration;
			baseConfigurationReference = E0F6B5FFB0220B7DCAB672B5 /* Pods-FItBodyMerchant.debug.xcconfig */;
			buildSettings = {
				ASSETCATALOG_COMPILER_APPICON_NAME = AppIcon;
				DEVELOPMENT_TEAM = P28THB67HH;
				GCC_PREFIX_HEADER = "$(SRCROOT)/FItBodyMerchant/Class/Other/ZZQPCH.pch";
				INFOPLIST_FILE = FItBodyMerchant/Info.plist;
				LD_RUNPATH_SEARCH_PATHS = "$(inherited) @executable_path/Frameworks";
				OTHER_LDFLAGS = (
					"$(inherited)",
					"-ObjC",
					"-l\"AFNetworking\"",
					"-l\"AVOSCloud\"",
					"-l\"AVOSCloudCrashReporting\"",
					"-l\"AVOSCloudIM\"",
					"-l\"CTAssetsPickerController\"",
					"-l\"MJExtension\"",
					"-l\"MJRefresh\"",
					"-l\"Masonry\"",
					"-l\"PureLayout\"",
					"-l\"SDWebImage\"",
					"-l\"YYKit\"",
					"-l\"c++\"",
					"-l\"icucore\"",
					"-l\"sqlite3\"",
					"-l\"z\"",
					"-framework",
					"\"Accelerate\"",
					"-framework",
					"\"AssetsLibrary\"",
					"-framework",
					"\"CFNetwork\"",
					"-framework",
					"\"CoreFoundation\"",
					"-framework",
					"\"CoreGraphics\"",
					"-framework",
					"\"CoreImage\"",
					"-framework",
					"\"CoreLocation\"",
					"-framework",
					"\"CoreTelephony\"",
					"-framework",
					"\"CoreText\"",
					"-framework",
					"\"Foundation\"",
					"-framework",
					"\"ImageIO\"",
					"-framework",
					"\"MobileCoreServices\"",
					"-framework",
					"\"Photos\"",
					"-framework",
					"\"QuartzCore\"",
					"-framework",
					"\"Security\"",
					"-framework",
					"\"SystemConfiguration\"",
					"-framework",
					"\"UIKit\"",
					"-framework",
					"\"WebP\"",
					"-O",
				);
				PRODUCT_BUNDLE_IDENTIFIER = com.ben.FItBodyMerchant;
				PRODUCT_NAME = "$(TARGET_NAME)";
			};
			name = Debug;
		};
		B57070D01E87611A003DE3F8 /* Release */ = {
			isa = XCBuildConfiguration;
			baseConfigurationReference = F67672C85008100A0244640A /* Pods-FItBodyMerchant.release.xcconfig */;
			buildSettings = {
				ASSETCATALOG_COMPILER_APPICON_NAME = AppIcon;
				DEVELOPMENT_TEAM = P28THB67HH;
				GCC_PREFIX_HEADER = "$(SRCROOT)/FItBodyMerchant/Class/Other/ZZQPCH.pch";
				INFOPLIST_FILE = FItBodyMerchant/Info.plist;
				LD_RUNPATH_SEARCH_PATHS = "$(inherited) @executable_path/Frameworks";
				OTHER_LDFLAGS = (
					"$(inherited)",
					"-ObjC",
					"-l\"AFNetworking\"",
					"-l\"AVOSCloud\"",
					"-l\"AVOSCloudCrashReporting\"",
					"-l\"AVOSCloudIM\"",
					"-l\"CTAssetsPickerController\"",
					"-l\"MJExtension\"",
					"-l\"MJRefresh\"",
					"-l\"Masonry\"",
					"-l\"PureLayout\"",
					"-l\"SDWebImage\"",
					"-l\"YYKit\"",
					"-l\"c++\"",
					"-l\"icucore\"",
					"-l\"sqlite3\"",
					"-l\"z\"",
					"-framework",
					"\"Accelerate\"",
					"-framework",
					"\"AssetsLibrary\"",
					"-framework",
					"\"CFNetwork\"",
					"-framework",
					"\"CoreFoundation\"",
					"-framework",
					"\"CoreGraphics\"",
					"-framework",
					"\"CoreImage\"",
					"-framework",
					"\"CoreLocation\"",
					"-framework",
					"\"CoreTelephony\"",
					"-framework",
					"\"CoreText\"",
					"-framework",
					"\"Foundation\"",
					"-framework",
					"\"ImageIO\"",
					"-framework",
					"\"MobileCoreServices\"",
					"-framework",
					"\"Photos\"",
					"-framework",
					"\"QuartzCore\"",
					"-framework",
					"\"Security\"",
					"-framework",
					"\"SystemConfiguration\"",
					"-framework",
					"\"UIKit\"",
					"-framework",
					"\"WebP\"",
					"-O",
				);
				PRODUCT_BUNDLE_IDENTIFIER = com.ben.FItBodyMerchant;
				PRODUCT_NAME = "$(TARGET_NAME)";
			};
			name = Release;
		};
/* End XCBuildConfiguration section */

/* Begin XCConfigurationList section */
		B57070B21E87611A003DE3F8 /* Build configuration list for PBXProject "FItBodyMerchant" */ = {
			isa = XCConfigurationList;
			buildConfigurations = (
				B57070CC1E87611A003DE3F8 /* Debug */,
				B57070CD1E87611A003DE3F8 /* Release */,
			);
			defaultConfigurationIsVisible = 0;
			defaultConfigurationName = Release;
		};
		B57070CE1E87611A003DE3F8 /* Build configuration list for PBXNativeTarget "FItBodyMerchant" */ = {
			isa = XCConfigurationList;
			buildConfigurations = (
				B57070CF1E87611A003DE3F8 /* Debug */,
				B57070D01E87611A003DE3F8 /* Release */,
			);
			defaultConfigurationIsVisible = 0;
			defaultConfigurationName = Release;
		};
/* End XCConfigurationList section */
	};
	rootObject = B57070AF1E87611A003DE3F8 /* Project object */;
}
